
Microsoft Visual Studio Solution File, Format Version 12.00
# Visual Studio Version 17
VisualStudioVersion = 17.8.34309.116
MinimumVisualStudioVersion = 10.0.40219.1
Project("{FAE04EC0-301F-11D3-BF4B-00C04F79EFBC}") = "ConsoleApp1", "ConsoleApp1.csproj", "{7FA19DAD-F20A-4035-8266-4834A85DA5E0}"
EndProject
Global
	GlobalSection(SolutionConfigurationPlatforms) = preSolution
		Debug|Any CPU = Debug|Any CPU
		Release|Any CPU = Release|Any CPU
	EndGlobalSection
	GlobalSection(ProjectConfigurationPlatforms) = postSolution
		{7FA19DAD-F20A-4035-8266-4834A85DA5E0}.Debug|Any CPU.ActiveCfg = Debug|Any CPU
		{7FA19DAD-F20A-4035-8266-4834A85DA5E0}.Debug|Any CPU.Build.0 = Debug|Any CPU
		{7FA19DAD-F20A-4035-8266-4834A85DA5E0}.Release|Any CPU.ActiveCfg = Release|Any CPU
		{7FA19DAD-F20A-4035-8266-4834A85DA5E0}.Release|Any CPU.Build.0 = Release|Any CPU
	EndGlobalSection
	GlobalSection(SolutionProperties) = preSolution
		HideSolutionNode = FALSE
	EndGlobalSection
	GlobalSection(ExtensibilityGlobals) = postSolution
		SolutionGuid = {90788D80-D228-4AEC-93C7-72BDDE885493}
	EndGlobalSection
EndGlobal
